
Microsoft Visual Studio Solution File, Format Version 12.00
# Visual Studio Version 16
VisualStudioVersion = 16.0.30711.63
MinimumVisualStudioVersion = 10.0.40219.1
Project("{9A19103F-16F7-4668-BE54-9A1E7A4F7556}") = "NewTechnic", "NewTechnic\NewTechnic.csproj", "{DC6A2181-222A-4142-B166-C63C2A3F89C7}"
EndProject
Project("{9A19103F-16F7-4668-BE54-9A1E7A4F7556}") = "BDD.FebSixty", "BDD.FebSixty\BDD.FebSixty.csproj", "{5A5CA93C-792E-4656-9685-F188589B0699}"
EndProject
Project("{FAE04EC0-301F-11D3-BF4B-00C04F79EFBC}") = "EventSourcing.Demo", "EventSourcing.Demo\EventSourcing.Demo.csproj", "{42E727E4-458C-4188-B1B8-169952DA73A5}"
EndProject
Global
	GlobalSection(SolutionConfigurationPlatforms) = preSolution
		Debug|Any CPU = Debug|Any CPU
		Release|Any CPU = Release|Any CPU
	EndGlobalSection
	GlobalSection(ProjectConfigurationPlatforms) = postSolution
		{DC6A2181-222A-4142-B166-C63C2A3F89C7}.Debug|Any CPU.ActiveCfg = Debug|Any CPU
		{DC6A2181-222A-4142-B166-C63C2A3F89C7}.Debug|Any CPU.Build.0 = Debug|Any CPU
		{DC6A2181-222A-4142-B166-C63C2A3F89C7}.Release|Any CPU.ActiveCfg = Release|Any CPU
		{DC6A2181-222A-4142-B166-C63C2A3F89C7}.Release|Any CPU.Build.0 = Release|Any CPU
		{5A5CA93C-792E-4656-9685-F188589B0699}.Debug|Any CPU.ActiveCfg = Debug|Any CPU
		{5A5CA93C-792E-4656-9685-F188589B0699}.Debug|Any CPU.Build.0 = Debug|Any CPU
		{5A5CA93C-792E-4656-9685-F188589B0699}.Release|Any CPU.ActiveCfg = Release|Any CPU
		{5A5CA93C-792E-4656-9685-F188589B0699}.Release|Any CPU.Build.0 = Release|Any CPU
		{42E727E4-458C-4188-B1B8-169952DA73A5}.Debug|Any CPU.ActiveCfg = Debug|Any CPU
		{42E727E4-458C-4188-B1B8-169952DA73A5}.Debug|Any CPU.Build.0 = Debug|Any CPU
		{42E727E4-458C-4188-B1B8-169952DA73A5}.Release|Any CPU.ActiveCfg = Release|Any CPU
		{42E727E4-458C-4188-B1B8-169952DA73A5}.Release|Any CPU.Build.0 = Release|Any CPU
	EndGlobalSection
	GlobalSection(SolutionProperties) = preSolution
		HideSolutionNode = FALSE
	EndGlobalSection
	GlobalSection(ExtensibilityGlobals) = postSolution
		SolutionGuid = {60177034-D944-4290-8655-E09FFB3A8964}
	EndGlobalSection
EndGlobal
